
Microsoft Visual Studio Solution File, Format Version 12.00
# Visual Studio Version 17
VisualStudioVersion = 17.14.36717.8 d17.14
MinimumVisualStudioVersion = 10.0.40219.1
Project("{FAE04EC0-301F-11D3-BF4B-00C04F79EFBC}") = "OrderAPI", "OrderAPI\OrderAPI.csproj", "{8383330F-F8D4-46DA-967B-199D6F43B87D}"
EndProject
Global
	GlobalSection(SolutionConfigurationPlatforms) = preSolution
		Debug|Any CPU = Debug|Any CPU
		Release|Any CPU = Release|Any CPU
	EndGlobalSection
	GlobalSection(ProjectConfigurationPlatforms) = postSolution
		{8383330F-F8D4-46DA-967B-199D6F43B87D}.Debug|Any CPU.ActiveCfg = Debug|Any CPU
		{8383330F-F8D4-46DA-967B-199D6F43B87D}.Debug|Any CPU.Build.0 = Debug|Any CPU
		{8383330F-F8D4-46DA-967B-199D6F43B87D}.Release|Any CPU.ActiveCfg = Release|Any CPU
		{8383330F-F8D4-46DA-967B-199D6F43B87D}.Release|Any CPU.Build.0 = Release|Any CPU
	EndGlobalSection
	GlobalSection(SolutionProperties) = preSolution
		HideSolutionNode = FALSE
	EndGlobalSection
	GlobalSection(ExtensibilityGlobals) = postSolution
		SolutionGuid = {2D6E1D3D-9395-4A19-A4C4-73B3591FF2CB}
	EndGlobalSection
EndGlobal
